// !$*UTF8*$!
{
	archiveVersion = 1;
	classes = {
	};
	objectVersion = 77;
	objects = {

/* Begin PBXContainerItemProxy section */
		B80319A12E65DB8A00C4516E /* PBXContainerItemProxy */ = {
			isa = PBXContainerItemProxy;
			containerPortal = B803198B2E65DB8800C4516E /* Project object */;
			proxyType = 1;
			remoteGlobalIDString = B80319922E65DB8800C4516E;
			remoteInfo = CookingApp;
		};
		B80319AB2E65DB8A00C4516E /* PBXContainerItemProxy */ = {
			isa = PBXContainerItemProxy;
			containerPortal = B803198B2E65DB8800C4516E /* Project object */;
			proxyType = 1;
			remoteGlobalIDString = B80319922E65DB8800C4516E;
			remoteInfo = CookingApp;
		};
/* End PBXContainerItemProxy section */

/* Begin PBXFileReference section */
		B80319932E65DB8800C4516E /* CookingApp.app */ = {isa = PBXFileReference; explicitFileType = wrapper.application; includeInIndex = 0; path = CookingApp.app; sourceTree = BUILT_PRODUCTS_DIR; };
		B80319A02E65DB8A00C4516E /* CookingAppTests.xctest */ = {isa = PBXFileReference; explicitFileType = wrapper.cfbundle; includeInIndex = 0; path = CookingAppTests.xctest; sourceTree = BUILT_PRODUCTS_DIR; };
		B80319AA2E65DB8A00C4516E /* CookingAppUITests.xctest */ = {isa = PBXFileReference; explicitFileType = wrapper.cfbundle; includeInIndex = 0; path = CookingAppUITests.xctest; sourceTree = BUILT_PRODUCTS_DIR; };
/* End PBXFileReference section */

/* Begin PBXFileSystemSynchronizedRootGroup section */
		B80319952E65DB8800C4516E /* CookingApp */ = {
			isa = PBXFileSystemSynchronizedRootGroup;
			path = CookingApp;
			sourceTree = "<group>";
		};
		B80319A32E65DB8A00C4516E /* CookingAppTests */ = {
			isa = PBXFileSystemSynchronizedRootGroup;
			path = CookingAppTests;
			sourceTree = "<group>";
		};
		B80319AD2E65DB8A00C4516E /* CookingAppUITests */ = {
			isa = PBXFileSystemSynchronizedRootGroup;
			path = CookingAppUITests;
			sourceTree = "<group>";
		};
/* End PBXFileSystemSynchronizedRootGroup section */

/* Begin PBXFrameworksBuildPhase section */
		B80319902E65DB8800C4516E /* Frameworks */ = {
			isa = PBXFrameworksBuildPhase;
			buildActionMask = 2147483647;
			files = (
			);
			runOnlyForDeploymentPostprocessing = 0;
		};
		B803199D2E65DB8A00C4516E /* Frameworks */ = {
			isa = PBXFrameworksBuildPhase;
			buildActionMask = 2147483647;
			files = (
			);
			runOnlyForDeploymentPostprocessing = 0;
		};
		B80319A72E65DB8A00C4516E /* Frameworks */ = {
			isa = PBXFrameworksBuildPhase;
			buildActionMask = 2147483647;
			files = (
			);
			runOnlyForDeploymentPostprocessing = 0;
		};
/* End PBXFrameworksBuildPhase section */

/* Begin PBXGroup section */
		B803198A2E65DB8800C4516E = {
			isa = PBXGroup;
			children = (
				B80319952E65DB8800C4516E /* CookingApp */,
				B80319A32E65DB8A00C4516E /* CookingAppTests */,
				B80319AD2E65DB8A00C4516E /* CookingAppUITests */,
				B80319942E65DB8800C4516E /* Products */,
			);
			sourceTree = "<group>";
		};
		B80319942E65DB8800C4516E /* Products */ = {
			isa = PBXGroup;
			children = (
				B80319932E65DB8800C4516E /* CookingApp.app */,
				B80319A02E65DB8A00C4516E /* CookingAppTests.xctest */,
				B80319AA2E65DB8A00C4516E /* CookingAppUITests.xctest */,
			);
			name = Products;
			sourceTree = "<group>";
		};
/* End PBXGroup section */

/* Begin PBXNativeTarget section */
		B80319922E65DB8800C4516E /* CookingApp */ = {
			isa = PBXNativeTarget;
			buildConfigurationList = B80319B42E65DB8A00C4516E /* Build configuration list for PBXNativeTarget "CookingApp" */;
			buildPhases = (
				B803198F2E65DB8800C4516E /* Sources */,
				B80319902E65DB8800C4516E /* Frameworks */,
				B80319912E65DB8800C4516E /* Resources */,
			);
			buildRules = (
			);
			dependencies = (
			);
			fileSystemSynchronizedGroups = (
				B80319952E65DB8800C4516E /* CookingApp */,
			);
			name = CookingApp;
			packageProductDependencies = (
			);
			productName = CookingApp;
			productReference = B80319932E65DB8800C4516E /* CookingApp.app */;
			productType = "com.apple.product-type.application";
		};
		B803199F2E65DB8A00C4516E /* CookingAppTests */ = {
			isa = PBXNativeTarget;
			buildConfigurationList = B80319B72E65DB8A00C4516E /* Build configuration list for PBXNativeTarget "CookingAppTests" */;
			buildPhases = (
				B803199C2E65DB8A00C4516E /* Sources */,
				B803199D2E65DB8A00C4516E /* Frameworks */,
				B803199E2E65DB8A00C4516E /* Resources */,
			);
			buildRules = (
			);
			dependencies = (
				B80319A22E65DB8A00C4516E /* PBXTargetDependency */,
			);
			fileSystemSynchronizedGroups = (
				B80319A32E65DB8A00C4516E /* CookingAppTests */,
			);
			name = CookingAppTests;
			packageProductDependencies = (
			);
			productName = CookingAppTests;
			productReference = B80319A02E65DB8A00C4516E /* CookingAppTests.xctest */;
			productType = "com.apple.product-type.bundle.unit-test";
		};
		B80319A92E65DB8A00C4516E /* CookingAppUITests */ = {
			isa = PBXNativeTarget;
			buildConfigurationList = B80319BA2E65DB8A00C4516E /* Build configuration list for PBXNativeTarget "CookingAppUITests" */;
			buildPhases = (
				B80319A62E65DB8A00C4516E /* Sources */,
				B80319A72E65DB8A00C4516E /* Frameworks */,
				B80319A82E65DB8A00C4516E /* Resources */,
			);
			buildRules = (
			);
			dependencies = (
				B80319AC2E65DB8A00C4516E /* PBXTargetDependency */,
			);
			fileSystemSynchronizedGroups = (
				B80319AD2E65DB8A00C4516E /* CookingAppUITests */,
			);
			name = CookingAppUITests;
			packageProductDependencies = (
			);
			productName = CookingAppUITests;
			productReference = B80319AA2E65DB8A00C4516E /* CookingAppUITests.xctest */;
			productType = "com.apple.product-type.bundle.ui-testing";
		};
/* End PBXNativeTarget section */

/* Begin PBXProject section */
		B803198B2E65DB8800C4516E /* Project object */ = {
			isa = PBXProject;
			attributes = {
				BuildIndependentTargetsInParallel = 1;
				LastSwiftUpdateCheck = 1640;
				LastUpgradeCheck = 1640;
				TargetAttributes = {
					B80319922E65DB8800C4516E = {
						CreatedOnToolsVersion = 16.4;
					};
					B803199F2E65DB8A00C4516E = {
						CreatedOnToolsVersion = 16.4;
						TestTargetID = B80319922E65DB8800C4516E;
					};
					B80319A92E65DB8A00C4516E = {
						CreatedOnToolsVersion = 16.4;
						TestTargetID = B80319922E65DB8800C4516E;
					};
				};
			};
			buildConfigurationList = B803198E2E65DB8800C4516E /* Build configuration list for PBXProject "CookingApp" */;
			developmentRegion = en;
			hasScannedForEncodings = 0;
			knownRegions = (
				en,
				Base,
			);
			mainGroup = B803198A2E65DB8800C4516E;
			minimizedProjectReferenceProxies = 1;
			preferredProjectObjectVersion = 77;
			productRefGroup = B80319942E65DB8800C4516E /* Products */;
			projectDirPath = "";
			projectRoot = "";
			targets = (
				B80319922E65DB8800C4516E /* CookingApp */,
				B803199F2E65DB8A00C4516E /* CookingAppTests */,
				B80319A92E65DB8A00C4516E /* CookingAppUITests */,
			);
		};
/* End PBXProject section */

/* Begin PBXResourcesBuildPhase section */
		B80319912E65DB8800C4516E /* Resources */ = {
			isa = PBXResourcesBuildPhase;
			buildActionMask = 2147483647;
			files = (
			);
			runOnlyForDeploymentPostprocessing = 0;
		};
		B803199E2E65DB8A00C4516E /* Resources */ = {
			isa = PBXResourcesBuildPhase;
			buildActionMask = 2147483647;
			files = (
			);
			runOnlyForDeploymentPostprocessing = 0;
		};
		B80319A82E65DB8A00C4516E /* Resources */ = {
			isa = PBXResourcesBuildPhase;
			buildActionMask = 2147483647;
			files = (
			);
			runOnlyForDeploymentPostprocessing = 0;
		};
/* End PBXResourcesBuildPhase section */

/* Begin PBXSourcesBuildPhase section */
		B803198F2E65DB8800C4516E /* Sources */ = {
			isa = PBXSourcesBuildPhase;
			buildActionMask = 2147483647;
			files = (
			);
			runOnlyForDeploymentPostprocessing = 0;
		};
		B803199C2E65DB8A00C4516E /* Sources */ = {
			isa = PBXSourcesBuildPhase;
			buildActionMask = 2147483647;
			files = (
			);
			runOnlyForDeploymentPostprocessing = 0;
		};
		B80319A62E65DB8A00C4516E /* Sources */ = {
			isa = PBXSourcesBuildPhase;
			buildActionMask = 2147483647;
			files = (
			);
			runOnlyForDeploymentPostprocessing = 0;
		};
/* End PBXSourcesBuildPhase section */

/* Begin PBXTargetDependency section */
		B80319A22E65DB8A00C4516E /* PBXTargetDependency */ = {
			isa = PBXTargetDependency;
			target = B80319922E65DB8800C4516E /* CookingApp */;
			targetProxy = B80319A12E65DB8A00C4516E /* PBXContainerItemProxy */;
		};
		B80319AC2E65DB8A00C4516E /* PBXTargetDependency */ = {
			isa = PBXTargetDependency;
			target = B80319922E65DB8800C4516E /* CookingApp */;
			targetProxy = B80319AB2E65DB8A00C4516E /* PBXContainerItemProxy */;
		};
/* End PBXTargetDependency section */

/* Begin XCBuildConfiguration section */
		B80319B22E65DB8A00C4516E /* Debug */ = {
			isa = XCBuildConfiguration;
			buildSettings = {
				ALWAYS_SEARCH_USER_PATHS = NO;
				ASSETCATALOG_COMPILER_GENERATE_SWIFT_ASSET_SYMBOL_EXTENSIONS = YES;
				CLANG_ANALYZER_NONNULL = YES;
				CLANG_ANALYZER_NUMBER_OBJECT_CONVERSION = YES_AGGRESSIVE;
				CLANG_CXX_LANGUAGE_STANDARD = "gnu++20";
				CLANG_ENABLE_MODULES = YES;
				CLANG_ENABLE_OBJC_ARC = YES;
				CLANG_ENABLE_OBJC_WEAK = YES;
				CLANG_WARN_BLOCK_CAPTURE_AUTORELEASING = YES;
				CLANG_WARN_BOOL_CONVERSION = YES;
				CLANG_WARN_COMMA = YES;
				CLANG_WARN_CONSTANT_CONVERSION = YES;
				CLANG_WARN_DEPRECATED_OBJC_IMPLEMENTATIONS = YES;
				CLANG_WARN_DIRECT_OBJC_ISA_USAGE = YES_ERROR;
				CLANG_WARN_DOCUMENTATION_COMMENTS = YES;
				CLANG_WARN_EMPTY_BODY = YES;
				CLANG_WARN_ENUM_CONVERSION = YES;
				CLANG_WARN_INFINITE_RECURSION = YES;
				CLANG_WARN_INT_CONVERSION = YES;
				CLANG_WARN_NON_LITERAL_NULL_CONVERSION = YES;
				CLANG_WARN_OBJC_IMPLICIT_RETAIN_SELF = YES;
				CLANG_WARN_OBJC_LITERAL_CONVERSION = YES;
				CLANG_WARN_OBJC_ROOT_CLASS = YES_ERROR;
				CLANG_WARN_QUOTED_INCLUDE_IN_FRAMEWORK_HEADER = YES;
				CLANG_WARN_RANGE_LOOP_ANALYSIS = YES;
				CLANG_WARN_STRICT_PROTOTYPES = YES;
				CLANG_WARN_SUSPICIOUS_MOVE = YES;
				CLANG_WARN_UNGUARDED_AVAILABILITY = YES_AGGRESSIVE;
				CLANG_WARN_UNREACHABLE_CODE = YES;
				CLANG_WARN__DUPLICATE_METHOD_MATCH = YES;
				COPY_PHASE_STRIP = NO;
				DEBUG_INFORMATION_FORMAT = dwarf;
				ENABLE_STRICT_OBJC_MSGSEND = YES;
				ENABLE_TESTABILITY = YES;
				ENABLE_USER_SCRIPT_SANDBOXING = YES;
				GCC_C_LANGUAGE_STANDARD = gnu17;
				GCC_DYNAMIC_NO_PIC = NO;
				GCC_NO_COMMON_BLOCKS = YES;
				GCC_OPTIMIZATION_LEVEL = 0;
				GCC_PREPROCESSOR_DEFINITIONS = (
					"DEBUG=1",
					"$(inherited)",
				);
				GCC_WARN_64_TO_32_BIT_CONVERSION = YES;
				GCC_WARN_ABOUT_RETURN_TYPE = YES_ERROR;
				GCC_WARN_UNDECLARED_SELECTOR = YES;
				GCC_WARN_UNINITIALIZED_AUTOS = YES_AGGRESSIVE;
				GCC_WARN_UNUSED_FUNCTION = YES;
				GCC_WARN_UNUSED_VARIABLE = YES;
				IPHONEOS_DEPLOYMENT_TARGET = 18.5;
				LOCALIZATION_PREFERS_STRING_CATALOGS = YES;
				MTL_ENABLE_DEBUG_INFO = INCLUDE_SOURCE;
				MTL_FAST_MATH = YES;
				ONLY_ACTIVE_ARCH = YES;
				SDKROOT = iphoneos;
				SWIFT_ACTIVE_COMPILATION_CONDITIONS = "DEBUG $(inherited)";
				SWIFT_OPTIMIZATION_LEVEL = "-Onone";
			};
			name = Debug;
		};
		B80319B32E65DB8A00C4516E /* Release */ = {
			isa = XCBuildConfiguration;
			buildSettings = {
				ALWAYS_SEARCH_USER_PATHS = NO;
				ASSETCATALOG_COMPILER_GENERATE_SWIFT_ASSET_SYMBOL_EXTENSIONS = YES;
				CLANG_ANALYZER_NONNULL = YES;
				CLANG_ANALYZER_NUMBER_OBJECT_CONVERSION = YES_AGGRESSIVE;
				CLANG_CXX_LANGUAGE_STANDARD = "gnu++20";
				CLANG_ENABLE_MODULES = YES;
				CLANG_ENABLE_OBJC_ARC = YES;
				CLANG_ENABLE_OBJC_WEAK = YES;
				CLANG_WARN_BLOCK_CAPTURE_AUTORELEASING = YES;
				CLANG_WARN_BOOL_CONVERSION = YES;
				CLANG_WARN_COMMA = YES;
				CLANG_WARN_CONSTANT_CONVERSION = YES;
				CLANG_WARN_DEPRECATED_OBJC_IMPLEMENTATIONS = YES;
				CLANG_WARN_DIRECT_OBJC_ISA_USAGE = YES_ERROR;
				CLANG_WARN_DOCUMENTATION_COMMENTS = YES;
				CLANG_WARN_EMPTY_BODY = YES;
				CLANG_WARN_ENUM_CONVERSION = YES;
				CLANG_WARN_INFINITE_RECURSION = YES;
				CLANG_WARN_INT_CONVERSION = YES;
				CLANG_WARN_NON_LITERAL_NULL_CONVERSION = YES;
				CLANG_WARN_OBJC_IMPLICIT_RETAIN_SELF = YES;
				CLANG_WARN_OBJC_LITERAL_CONVERSION = YES;
				CLANG_WARN_OBJC_ROOT_CLASS = YES_ERROR;
				CLANG_WARN_QUOTED_INCLUDE_IN_FRAMEWORK_HEADER = YES;
				CLANG_WARN_RANGE_LOOP_ANALYSIS = YES;
				CLANG_WARN_STRICT_PROTOTYPES = YES;
				CLANG_WARN_SUSPICIOUS_MOVE = YES;
				CLANG_WARN_UNGUARDED_AVAILABILITY = YES_AGGRESSIVE;
				CLANG_WARN_UNREACHABLE_CODE = YES;
				CLANG_WARN__DUPLICATE_METHOD_MATCH = YES;
				COPY_PHASE_STRIP = NO;
				DEBUG_INFORMATION_FORMAT = "dwarf-with-dsym";
				ENABLE_NS_ASSERTIONS = NO;
				ENABLE_STRICT_OBJC_MSGSEND = YES;
				ENABLE_USER_SCRIPT_SANDBOXING = YES;
				GCC_C_LANGUAGE_STANDARD = gnu17;
				GCC_NO_COMMON_BLOCKS = YES;
				GCC_WARN_64_TO_32_BIT_CONVERSION = YES;
				GCC_WARN_ABOUT_RETURN_TYPE = YES_ERROR;
				GCC_WARN_UNDECLARED_SELECTOR = YES;
				GCC_WARN_UNINITIALIZED_AUTOS = YES_AGGRESSIVE;
				GCC_WARN_UNUSED_FUNCTION = YES;
				GCC_WARN_UNUSED_VARIABLE = YES;
				IPHONEOS_DEPLOYMENT_TARGET = 18.5;
				LOCALIZATION_PREFERS_STRING_CATALOGS = YES;
				MTL_ENABLE_DEBUG_INFO = NO;
				MTL_FAST_MATH = YES;
				SDKROOT = iphoneos;
				SWIFT_COMPILATION_MODE = wholemodule;
				VALIDATE_PRODUCT = YES;
			};
			name = Release;
		};
		B80319B52E65DB8A00C4516E /* Debug */ = {
			isa = XCBuildConfiguration;
			buildSettings = {
				ASSETCATALOG_COMPILER_APPICON_NAME = AppIcon;
				ASSETCATALOG_COMPILER_GLOBAL_ACCENT_COLOR_NAME = AccentColor;
				CODE_SIGN_STYLE = Automatic;
				CURRENT_PROJECT_VERSION = 1;
				DEVELOPMENT_TEAM = 2932V2ZQ6T;
				ENABLE_PREVIEWS = YES;
				GENERATE_INFOPLIST_FILE = YES;
				INFOPLIST_KEY_LSApplicationCategoryType = "";
				INFOPLIST_KEY_NSCameraUsageDescription = "Cette application utilise l'appareil photo pour prendre des photos de vos produits alimentaires afin de faciliter leur identification et l'analyse automatique des dates d'expiration via OCR.";
				INFOPLIST_KEY_NSPhotoLibraryUsageDescription = "Cette application accède à votre galerie photo pour vous permettre de sélectionner des images de vos produits alimentaires et analyser automatiquement leurs dates d'expiration.";
				INFOPLIST_KEY_UIApplicationSceneManifest_Generation = YES;
				INFOPLIST_KEY_UIApplicationSupportsIndirectInputEvents = YES;
				INFOPLIST_KEY_UILaunchScreen_Generation = YES;
				INFOPLIST_KEY_UISupportedInterfaceOrientations_iPad = "UIInterfaceOrientationPortrait UIInterfaceOrientationPortraitUpsideDown UIInterfaceOrientationLandscapeLeft UIInterfaceOrientationLandscapeRight";
				INFOPLIST_KEY_UISupportedInterfaceOrientations_iPhone = "UIInterfaceOrientationPortrait UIInterfaceOrientationLandscapeLeft UIInterfaceOrientationLandscapeRight";
				LD_RUNPATH_SEARCH_PATHS = (
					"$(inherited)",
					"@executable_path/Frameworks",
				);
				MARKETING_VERSION = 1.0;
				PRODUCT_BUNDLE_IDENTIFIER = practise.CookingApp;
				PRODUCT_NAME = "$(TARGET_NAME)";
				SWIFT_EMIT_LOC_STRINGS = YES;
				SWIFT_VERSION = 5.0;
				TARGETED_DEVICE_FAMILY = "1,2";
			};
			name = Debug;
		};
		B80319B62E65DB8A00C4516E /* Release */ = {
			isa = XCBuildConfiguration;
			buildSettings = {
				ASSETCATALOG_COMPILER_APPICON_NAME = AppIcon;
				ASSETCATALOG_COMPILER_GLOBAL_ACCENT_COLOR_NAME = AccentColor;
				CODE_SIGN_STYLE = Automatic;
				CURRENT_PROJECT_VERSION = 1;
				DEVELOPMENT_TEAM = 2932V2ZQ6T;
				ENABLE_PREVIEWS = YES;
				GENERATE_INFOPLIST_FILE = YES;
				INFOPLIST_KEY_LSApplicationCategoryType = "";
				INFOPLIST_KEY_NSCameraUsageDescription = "Cette application utilise l'appareil photo pour prendre des photos de vos produits alimentaires afin de faciliter leur identification et l'analyse automatique des dates d'expiration via OCR.";
				INFOPLIST_KEY_NSPhotoLibraryUsageDescription = "Cette application accède à votre galerie photo pour vous permettre de sélectionner des images de vos produits alimentaires et analyser automatiquement leurs dates d'expiration.";
				INFOPLIST_KEY_UIApplicationSceneManifest_Generation = YES;
				INFOPLIST_KEY_UIApplicationSupportsIndirectInputEvents = YES;
				INFOPLIST_KEY_UILaunchScreen_Generation = YES;
				INFOPLIST_KEY_UISupportedInterfaceOrientations_iPad = "UIInterfaceOrientationPortrait UIInterfaceOrientationPortraitUpsideDown UIInterfaceOrientationLandscapeLeft UIInterfaceOrientationLandscapeRight";
				INFOPLIST_KEY_UISupportedInterfaceOrientations_iPhone = "UIInterfaceOrientationPortrait UIInterfaceOrientationLandscapeLeft UIInterfaceOrientationLandscapeRight";
				LD_RUNPATH_SEARCH_PATHS = (
					"$(inherited)",
					"@executable_path/Frameworks",
				);
				MARKETING_VERSION = 1.0;
				PRODUCT_BUNDLE_IDENTIFIER = practise.CookingApp;
				PRODUCT_NAME = "$(TARGET_NAME)";
				SWIFT_EMIT_LOC_STRINGS = YES;
				SWIFT_VERSION = 5.0;
				TARGETED_DEVICE_FAMILY = "1,2";
			};
			name = Release;
		};
		B80319B82E65DB8A00C4516E /* Debug */ = {
			isa = XCBuildConfiguration;
			buildSettings = {
				BUNDLE_LOADER = "$(TEST_HOST)";
				CODE_SIGN_STYLE = Automatic;
				CURRENT_PROJECT_VERSION = 1;
				GENERATE_INFOPLIST_FILE = YES;
				IPHONEOS_DEPLOYMENT_TARGET = 18.5;
				MARKETING_VERSION = 1.0;
				PRODUCT_BUNDLE_IDENTIFIER = practise.CookingAppTests;
				PRODUCT_NAME = "$(TARGET_NAME)";
				SWIFT_EMIT_LOC_STRINGS = NO;
				SWIFT_VERSION = 5.0;
				TARGETED_DEVICE_FAMILY = "1,2";
				TEST_HOST = "$(BUILT_PRODUCTS_DIR)/CookingApp.app/$(BUNDLE_EXECUTABLE_FOLDER_PATH)/CookingApp";
			};
			name = Debug;
		};
		B80319B92E65DB8A00C4516E /* Release */ = {
			isa = XCBuildConfiguration;
			buildSettings = {
				BUNDLE_LOADER = "$(TEST_HOST)";
				CODE_SIGN_STYLE = Automatic;
				CURRENT_PROJECT_VERSION = 1;
				GENERATE_INFOPLIST_FILE = YES;
				IPHONEOS_DEPLOYMENT_TARGET = 18.5;
				MARKETING_VERSION = 1.0;
				PRODUCT_BUNDLE_IDENTIFIER = practise.CookingAppTests;
				PRODUCT_NAME = "$(TARGET_NAME)";
				SWIFT_EMIT_LOC_STRINGS = NO;
				SWIFT_VERSION = 5.0;
				TARGETED_DEVICE_FAMILY = "1,2";
				TEST_HOST = "$(BUILT_PRODUCTS_DIR)/CookingApp.app/$(BUNDLE_EXECUTABLE_FOLDER_PATH)/CookingApp";
			};
			name = Release;
		};
		B80319BB2E65DB8A00C4516E /* Debug */ = {
			isa = XCBuildConfiguration;
			buildSettings = {
				CODE_SIGN_STYLE = Automatic;
				CURRENT_PROJECT_VERSION = 1;
				GENERATE_INFOPLIST_FILE = YES;
				MARKETING_VERSION = 1.0;
				PRODUCT_BUNDLE_IDENTIFIER = practise.CookingAppUITests;
				PRODUCT_NAME = "$(TARGET_NAME)";
				SWIFT_EMIT_LOC_STRINGS = NO;
				SWIFT_VERSION = 5.0;
				TARGETED_DEVICE_FAMILY = "1,2";
				TEST_TARGET_NAME = CookingApp;
			};
			name = Debug;
		};
		B80319BC2E65DB8A00C4516E /* Release */ = {
			isa = XCBuildConfiguration;
			buildSettings = {
				CODE_SIGN_STYLE = Automatic;
				CURRENT_PROJECT_VERSION = 1;
				GENERATE_INFOPLIST_FILE = YES;
				MARKETING_VERSION = 1.0;
				PRODUCT_BUNDLE_IDENTIFIER = practise.CookingAppUITests;
				PRODUCT_NAME = "$(TARGET_NAME)";
				SWIFT_EMIT_LOC_STRINGS = NO;
				SWIFT_VERSION = 5.0;
				TARGETED_DEVICE_FAMILY = "1,2";
				TEST_TARGET_NAME = CookingApp;
			};
			name = Release;
		};
/* End XCBuildConfiguration section */

/* Begin XCConfigurationList section */
		B803198E2E65DB8800C4516E /* Build configuration list for PBXProject "CookingApp" */ = {
			isa = XCConfigurationList;
			buildConfigurations = (
				B80319B22E65DB8A00C4516E /* Debug */,
				B80319B32E65DB8A00C4516E /* Release */,
			);
			defaultConfigurationIsVisible = 0;
			defaultConfigurationName = Release;
		};
		B80319B42E65DB8A00C4516E /* Build configuration list for PBXNativeTarget "CookingApp" */ = {
			isa = XCConfigurationList;
			buildConfigurations = (
				B80319B52E65DB8A00C4516E /* Debug */,
				B80319B62E65DB8A00C4516E /* Release */,
			);
			defaultConfigurationIsVisible = 0;
			defaultConfigurationName = Release;
		};
		B80319B72E65DB8A00C4516E /* Build configuration list for PBXNativeTarget "CookingAppTests" */ = {
			isa = XCConfigurationList;
			buildConfigurations = (
				B80319B82E65DB8A00C4516E /* Debug */,
				B80319B92E65DB8A00C4516E /* Release */,
			);
			defaultConfigurationIsVisible = 0;
			defaultConfigurationName = Release;
		};
		B80319BA2E65DB8A00C4516E /* Build configuration list for PBXNativeTarget "CookingAppUITests" */ = {
			isa = XCConfigurationList;
			buildConfigurations = (
				B80319BB2E65DB8A00C4516E /* Debug */,
				B80319BC2E65DB8A00C4516E /* Release */,
			);
			defaultConfigurationIsVisible = 0;
			defaultConfigurationName = Release;
		};
/* End XCConfigurationList section */
	};
	rootObject = B803198B2E65DB8800C4516E /* Project object */;
}
